// !$*UTF8*$!
{
	archiveVersion = 1;
	classes = {
	};
	objectVersion = 50;
	objects = {

/* Begin PBXBuildFile section */
		2A385457244D885F00F2CAEB /* AppDelegate.swift in Sources */ = {isa = PBXBuildFile; fileRef = 2A385456244D885F00F2CAEB /* AppDelegate.swift */; };
		2A385459244D885F00F2CAEB /* SceneDelegate.swift in Sources */ = {isa = PBXBuildFile; fileRef = 2A385458244D885F00F2CAEB /* SceneDelegate.swift */; };
		2A38545B244D885F00F2CAEB /* ViewController.swift in Sources */ = {isa = PBXBuildFile; fileRef = 2A38545A244D885F00F2CAEB /* ViewController.swift */; };
		2A38545E244D885F00F2CAEB /* Main.storyboard in Resources */ = {isa = PBXBuildFile; fileRef = 2A38545C244D885F00F2CAEB /* Main.storyboard */; };
		2A385460244D886000F2CAEB /* Assets.xcassets in Resources */ = {isa = PBXBuildFile; fileRef = 2A38545F244D886000F2CAEB /* Assets.xcassets */; };
		2A385463244D886000F2CAEB /* LaunchScreen.storyboard in Resources */ = {isa = PBXBuildFile; fileRef = 2A385461244D886000F2CAEB /* LaunchScreen.storyboard */; };
		2EBF1AD0A65BFFDDDDCC8326 /* libPods-OrgApp_V2.a in Frameworks */ = {isa = PBXBuildFile; fileRef = CB52C40C05AD17583DA563EF /* libPods-OrgApp_V2.a */; };
/* End PBXBuildFile section */

/* Begin PBXFileReference section */
		2A385453244D885F00F2CAEB /* OrgApp_V2.app */ = {isa = PBXFileReference; explicitFileType = wrapper.application; includeInIndex = 0; path = OrgApp_V2.app; sourceTree = BUILT_PRODUCTS_DIR; };
		2A385456244D885F00F2CAEB /* AppDelegate.swift */ = {isa = PBXFileReference; lastKnownFileType = sourcecode.swift; path = AppDelegate.swift; sourceTree = "<group>"; };
		2A385458244D885F00F2CAEB /* SceneDelegate.swift */ = {isa = PBXFileReference; lastKnownFileType = sourcecode.swift; path = SceneDelegate.swift; sourceTree = "<group>"; };
		2A38545A244D885F00F2CAEB /* ViewController.swift */ = {isa = PBXFileReference; lastKnownFileType = sourcecode.swift; path = ViewController.swift; sourceTree = "<group>"; };
		2A38545D244D885F00F2CAEB /* Base */ = {isa = PBXFileReference; lastKnownFileType = file.storyboard; name = Base; path = Base.lproj/Main.storyboard; sourceTree = "<group>"; };
		2A38545F244D886000F2CAEB /* Assets.xcassets */ = {isa = PBXFileReference; lastKnownFileType = folder.assetcatalog; path = Assets.xcassets; sourceTree = "<group>"; };
		2A385462244D886000F2CAEB /* Base */ = {isa = PBXFileReference; lastKnownFileType = file.storyboard; name = Base; path = Base.lproj/LaunchScreen.storyboard; sourceTree = "<group>"; };
		2A385464244D886000F2CAEB /* Info.plist */ = {isa = PBXFileReference; lastKnownFileType = text.plist.xml; path = Info.plist; sourceTree = "<group>"; };
		C272A9DC10F63A895E7D04BE /* Pods-OrgApp_V2.debug.xcconfig */ = {isa = PBXFileReference; includeInIndex = 1; lastKnownFileType = text.xcconfig; name = "Pods-OrgApp_V2.debug.xcconfig"; path = "Target Support Files/Pods-OrgApp_V2/Pods-OrgApp_V2.debug.xcconfig"; sourceTree = "<group>"; };
		CB52C40C05AD17583DA563EF /* libPods-OrgApp_V2.a */ = {isa = PBXFileReference; explicitFileType = archive.ar; includeInIndex = 0; path = "libPods-OrgApp_V2.a"; sourceTree = BUILT_PRODUCTS_DIR; };
		DD6109777279EB210F06EEE5 /* Pods-OrgApp_V2.release.xcconfig */ = {isa = PBXFileReference; includeInIndex = 1; lastKnownFileType = text.xcconfig; name = "Pods-OrgApp_V2.release.xcconfig"; path = "Target Support Files/Pods-OrgApp_V2/Pods-OrgApp_V2.release.xcconfig"; sourceTree = "<group>"; };
/* End PBXFileReference section */

/* Begin PBXFrameworksBuildPhase section */
		2A385450244D885E00F2CAEB /* Frameworks */ = {
			isa = PBXFrameworksBuildPhase;
			buildActionMask = 2147483647;
			files = (
				2EBF1AD0A65BFFDDDDCC8326 /* libPods-OrgApp_V2.a in Frameworks */,
			);
			runOnlyForDeploymentPostprocessing = 0;
		};
/* End PBXFrameworksBuildPhase section */

/* Begin PBXGroup section */
		1B60B5F6BB4C45447D98B0A1 /* Pods */ = {
			isa = PBXGroup;
			children = (
				C272A9DC10F63A895E7D04BE /* Pods-OrgApp_V2.debug.xcconfig */,
				DD6109777279EB210F06EEE5 /* Pods-OrgApp_V2.release.xcconfig */,
			);
			name = Pods;
			path = Pods;
			sourceTree = "<group>";
		};
		2A38544A244D885E00F2CAEB = {
			isa = PBXGroup;
			children = (
				2A385455244D885F00F2CAEB /* OrgApp_V2 */,
				2A385454244D885F00F2CAEB /* Products */,
				1B60B5F6BB4C45447D98B0A1 /* Pods */,
				EE08FB95D54FC61ABB9C191A /* Frameworks */,
			);
			sourceTree = "<group>";
		};
		2A385454244D885F00F2CAEB /* Products */ = {
			isa = PBXGroup;
			children = (
				2A385453244D885F00F2CAEB /* OrgApp_V2.app */,
			);
			name = Products;
			sourceTree = "<group>";
		};
		2A385455244D885F00F2CAEB /* OrgApp_V2 */ = {
			isa = PBXGroup;
			children = (
				2A38546A244D887400F2CAEB /* Model */,
				2ACB9086244D88A100C4579D /* View */,
				2ACB9087244D88AD00C4579D /* Controller */,
				2A515B51244D89BE0099AB04 /* AssetsGroup */,
			);
			path = OrgApp_V2;
			sourceTree = "<group>";
		};
		2A38546A244D887400F2CAEB /* Model */ = {
			isa = PBXGroup;
			children = (
			);
			path = Model;
			sourceTree = "<group>";
		};
		2A515B51244D89BE0099AB04 /* AssetsGroup */ = {
			isa = PBXGroup;
			children = (
				2A38545F244D886000F2CAEB /* Assets.xcassets */,
				2A385461244D886000F2CAEB /* LaunchScreen.storyboard */,
				2A385464244D886000F2CAEB /* Info.plist */,
			);
			path = AssetsGroup;
			sourceTree = "<group>";
		};
		2ACB9086244D88A100C4579D /* View */ = {
			isa = PBXGroup;
			children = (
				2A38545C244D885F00F2CAEB /* Main.storyboard */,
			);
			path = View;
			sourceTree = "<group>";
		};
		2ACB9087244D88AD00C4579D /* Controller */ = {
			isa = PBXGroup;
			children = (
				2A38545A244D885F00F2CAEB /* ViewController.swift */,
				2A385456244D885F00F2CAEB /* AppDelegate.swift */,
				2A385458244D885F00F2CAEB /* SceneDelegate.swift */,
			);
			path = Controller;
			sourceTree = "<group>";
		};
		EE08FB95D54FC61ABB9C191A /* Frameworks */ = {
			isa = PBXGroup;
			children = (
				CB52C40C05AD17583DA563EF /* libPods-OrgApp_V2.a */,
			);
			name = Frameworks;
			sourceTree = "<group>";
		};
/* End PBXGroup section */

/* Begin PBXNativeTarget section */
		2A385452244D885E00F2CAEB /* OrgApp_V2 */ = {
			isa = PBXNativeTarget;
			buildConfigurationList = 2A385467244D886000F2CAEB /* Build configuration list for PBXNativeTarget "OrgApp_V2" */;
			buildPhases = (
				87A0A49C0C5FDCC688A3BC4F /* [CP] Check Pods Manifest.lock */,
				2A38544F244D885E00F2CAEB /* Sources */,
				2A385450244D885E00F2CAEB /* Frameworks */,
				2A385451244D885E00F2CAEB /* Resources */,
			);
			buildRules = (
			);
			dependencies = (
			);
			name = OrgApp_V2;
			productName = OrgApp_V2;
			productReference = 2A385453244D885F00F2CAEB /* OrgApp_V2.app */;
			productType = "com.apple.product-type.application";
		};
/* End PBXNativeTarget section */

/* Begin PBXProject section */
		2A38544B244D885E00F2CAEB /* Project object */ = {
			isa = PBXProject;
			attributes = {
				LastSwiftUpdateCheck = 1130;
				LastUpgradeCheck = 1130;
				ORGANIZATIONNAME = "Jan Manuel Brenner";
				TargetAttributes = {
					2A385452244D885E00F2CAEB = {
						CreatedOnToolsVersion = 11.3.1;
					};
				};
			};
			buildConfigurationList = 2A38544E244D885E00F2CAEB /* Build configuration list for PBXProject "OrgApp_V2" */;
			compatibilityVersion = "Xcode 9.3";
			developmentRegion = en;
			hasScannedForEncodings = 0;
			knownRegions = (
				en,
				Base,
			);
			mainGroup = 2A38544A244D885E00F2CAEB;
			productRefGroup = 2A385454244D885F00F2CAEB /* Products */;
			projectDirPath = "";
			projectRoot = "";
			targets = (
				2A385452244D885E00F2CAEB /* OrgApp_V2 */,
			);
		};
/* End PBXProject section */

/* Begin PBXResourcesBuildPhase section */
		2A385451244D885E00F2CAEB /* Resources */ = {
			isa = PBXResourcesBuildPhase;
			buildActionMask = 2147483647;
			files = (
				2A385463244D886000F2CAEB /* LaunchScreen.storyboard in Resources */,
				2A385460244D886000F2CAEB /* Assets.xcassets in Resources */,
				2A38545E244D885F00F2CAEB /* Main.storyboard in Resources */,
			);
			runOnlyForDeploymentPostprocessing = 0;
		};
/* End PBXResourcesBuildPhase section */

/* Begin PBXShellScriptBuildPhase section */
		87A0A49C0C5FDCC688A3BC4F /* [CP] Check Pods Manifest.lock */ = {
			isa = PBXShellScriptBuildPhase;
			buildActionMask = 2147483647;
			files = (
			);
			inputFileListPaths = (
			);
			inputPaths = (
				"${PODS_PODFILE_DIR_PATH}/Podfile.lock",
				"${PODS_ROOT}/Manifest.lock",
			);
			name = "[CP] Check Pods Manifest.lock";
			outputFileListPaths = (
			);
			outputPaths = (
				"$(DERIVED_FILE_DIR)/Pods-OrgApp_V2-checkManifestLockResult.txt",
			);
			runOnlyForDeploymentPostprocessing = 0;
			shellPath = /bin/sh;
			shellScript = "diff \"${PODS_PODFILE_DIR_PATH}/Podfile.lock\" \"${PODS_ROOT}/Manifest.lock\" > /dev/null\nif [ $? != 0 ] ; then\n    # print error to STDERR\n    echo \"error: The sandbox is not in sync with the Podfile.lock. Run 'pod install' or update your CocoaPods installation.\" >&2\n    exit 1\nfi\n# This output is used by Xcode 'outputs' to avoid re-running this script phase.\necho \"SUCCESS\" > \"${SCRIPT_OUTPUT_FILE_0}\"\n";
			showEnvVarsInLog = 0;
		};
/* End PBXShellScriptBuildPhase section */

/* Begin PBXSourcesBuildPhase section */
		2A38544F244D885E00F2CAEB /* Sources */ = {
			isa = PBXSourcesBuildPhase;
			buildActionMask = 2147483647;
			files = (
				2A38545B244D885F00F2CAEB /* ViewController.swift in Sources */,
				2A385457244D885F00F2CAEB /* AppDelegate.swift in Sources */,
				2A385459244D885F00F2CAEB /* SceneDelegate.swift in Sources */,
			);
			runOnlyForDeploymentPostprocessing = 0;
		};
/* End PBXSourcesBuildPhase section */

/* Begin PBXVariantGroup section */
		2A38545C244D885F00F2CAEB /* Main.storyboard */ = {
			isa = PBXVariantGroup;
			children = (
				2A38545D244D885F00F2CAEB /* Base */,
			);
			name = Main.storyboard;
			sourceTree = "<group>";
		};
		2A385461244D886000F2CAEB /* LaunchScreen.storyboard */ = {
			isa = PBXVariantGroup;
			children = (
				2A385462244D886000F2CAEB /* Base */,
			);
			name = LaunchScreen.storyboard;
			sourceTree = "<group>";
		};
/* End PBXVariantGroup section */

/* Begin XCBuildConfiguration section */
		2A385465244D886000F2CAEB /* Debug */ = {
			isa = XCBuildConfiguration;
			buildSettings = {
				ALWAYS_SEARCH_USER_PATHS = NO;
				CLANG_ANALYZER_NONNULL = YES;
				CLANG_ANALYZER_NUMBER_OBJECT_CONVERSION = YES_AGGRESSIVE;
				CLANG_CXX_LANGUAGE_STANDARD = "gnu++14";
				CLANG_CXX_LIBRARY = "libc++";
				CLANG_ENABLE_MODULES = YES;
				CLANG_ENABLE_OBJC_ARC = YES;
				CLANG_ENABLE_OBJC_WEAK = YES;
				CLANG_WARN_BLOCK_CAPTURE_AUTORELEASING = YES;
				CLANG_WARN_BOOL_CONVERSION = YES;
				CLANG_WARN_COMMA = YES;
				CLANG_WARN_CONSTANT_CONVERSION = YES;
				CLANG_WARN_DEPRECATED_OBJC_IMPLEMENTATIONS = YES;
				CLANG_WARN_DIRECT_OBJC_ISA_USAGE = YES_ERROR;
				CLANG_WARN_DOCUMENTATION_COMMENTS = YES;
				CLANG_WARN_EMPTY_BODY = YES;
				CLANG_WARN_ENUM_CONVERSION = YES;
				CLANG_WARN_INFINITE_RECURSION = YES;
				CLANG_WARN_INT_CONVERSION = YES;
				CLANG_WARN_NON_LITERAL_NULL_CONVERSION = YES;
				CLANG_WARN_OBJC_IMPLICIT_RETAIN_SELF = YES;
				CLANG_WARN_OBJC_LITERAL_CONVERSION = YES;
				CLANG_WARN_OBJC_ROOT_CLASS = YES_ERROR;
				CLANG_WARN_RANGE_LOOP_ANALYSIS = YES;
				CLANG_WARN_STRICT_PROTOTYPES = YES;
				CLANG_WARN_SUSPICIOUS_MOVE = YES;
				CLANG_WARN_UNGUARDED_AVAILABILITY = YES_AGGRESSIVE;
				CLANG_WARN_UNREACHABLE_CODE = YES;
				CLANG_WARN__DUPLICATE_METHOD_MATCH = YES;
				COPY_PHASE_STRIP = NO;
				DEBUG_INFORMATION_FORMAT = dwarf;
				ENABLE_STRICT_OBJC_MSGSEND = YES;
				ENABLE_TESTABILITY = YES;
				GCC_C_LANGUAGE_STANDARD = gnu11;
				GCC_DYNAMIC_NO_PIC = NO;
				GCC_NO_COMMON_BLOCKS = YES;
				GCC_OPTIMIZATION_LEVEL = 0;
				GCC_PREPROCESSOR_DEFINITIONS = (
					"DEBUG=1",
					"$(inherited)",
				);
				GCC_WARN_64_TO_32_BIT_CONVERSION = YES;
				GCC_WARN_ABOUT_RETURN_TYPE = YES_ERROR;
				GCC_WARN_UNDECLARED_SELECTOR = YES;
				GCC_WARN_UNINITIALIZED_AUTOS = YES_AGGRESSIVE;
				GCC_WARN_UNUSED_FUNCTION = YES;
				GCC_WARN_UNUSED_VARIABLE = YES;
				IPHONEOS_DEPLOYMENT_TARGET = 13.2;
				MTL_ENABLE_DEBUG_INFO = INCLUDE_SOURCE;
				MTL_FAST_MATH = YES;
				ONLY_ACTIVE_ARCH = YES;
				SDKROOT = iphoneos;
				SWIFT_ACTIVE_COMPILATION_CONDITIONS = DEBUG;
				SWIFT_OPTIMIZATION_LEVEL = "-Onone";
			};
			name = Debug;
		};
		2A385466244D886000F2CAEB /* Release */ = {
			isa = XCBuildConfiguration;
			buildSettings = {
				ALWAYS_SEARCH_USER_PATHS = NO;
				CLANG_ANALYZER_NONNULL = YES;
				CLANG_ANALYZER_NUMBER_OBJECT_CONVERSION = YES_AGGRESSIVE;
				CLANG_CXX_LANGUAGE_STANDARD = "gnu++14";
				CLANG_CXX_LIBRARY = "libc++";
				CLANG_ENABLE_MODULES = YES;
				CLANG_ENABLE_OBJC_ARC = YES;
				CLANG_ENABLE_OBJC_WEAK = YES;
				CLANG_WARN_BLOCK_CAPTURE_AUTORELEASING = YES;
				CLANG_WARN_BOOL_CONVERSION = YES;
				CLANG_WARN_COMMA = YES;
				CLANG_WARN_CONSTANT_CONVERSION = YES;
				CLANG_WARN_DEPRECATED_OBJC_IMPLEMENTATIONS = YES;
				CLANG_WARN_DIRECT_OBJC_ISA_USAGE = YES_ERROR;
				CLANG_WARN_DOCUMENTATION_COMMENTS = YES;
				CLANG_WARN_EMPTY_BODY = YES;
				CLANG_WARN_ENUM_CONVERSION = YES;
				CLANG_WARN_INFINITE_RECURSION = YES;
				CLANG_WARN_INT_CONVERSION = YES;
				CLANG_WARN_NON_LITERAL_NULL_CONVERSION = YES;
				CLANG_WARN_OBJC_IMPLICIT_RETAIN_SELF = YES;
				CLANG_WARN_OBJC_LITERAL_CONVERSION = YES;
				CLANG_WARN_OBJC_ROOT_CLASS = YES_ERROR;
				CLANG_WARN_RANGE_LOOP_ANALYSIS = YES;
				CLANG_WARN_STRICT_PROTOTYPES = YES;
				CLANG_WARN_SUSPICIOUS_MOVE = YES;
				CLANG_WARN_UNGUARDED_AVAILABILITY = YES_AGGRESSIVE;
				CLANG_WARN_UNREACHABLE_CODE = YES;
				CLANG_WARN__DUPLICATE_METHOD_MATCH = YES;
				COPY_PHASE_STRIP = NO;
				DEBUG_INFORMATION_FORMAT = "dwarf-with-dsym";
				ENABLE_NS_ASSERTIONS = NO;
				ENABLE_STRICT_OBJC_MSGSEND = YES;
				GCC_C_LANGUAGE_STANDARD = gnu11;
				GCC_NO_COMMON_BLOCKS = YES;
				GCC_WARN_64_TO_32_BIT_CONVERSION = YES;
				GCC_WARN_ABOUT_RETURN_TYPE = YES_ERROR;
				GCC_WARN_UNDECLARED_SELECTOR = YES;
				GCC_WARN_UNINITIALIZED_AUTOS = YES_AGGRESSIVE;
				GCC_WARN_UNUSED_FUNCTION = YES;
				GCC_WARN_UNUSED_VARIABLE = YES;
				IPHONEOS_DEPLOYMENT_TARGET = 13.2;
				MTL_ENABLE_DEBUG_INFO = NO;
				MTL_FAST_MATH = YES;
				SDKROOT = iphoneos;
				SWIFT_COMPILATION_MODE = wholemodule;
				SWIFT_OPTIMIZATION_LEVEL = "-O";
				VALIDATE_PRODUCT = YES;
			};
			name = Release;
		};
		2A385468244D886000F2CAEB /* Debug */ = {
			isa = XCBuildConfiguration;
			baseConfigurationReference = C272A9DC10F63A895E7D04BE /* Pods-OrgApp_V2.debug.xcconfig */;
			buildSettings = {
				ASSETCATALOG_COMPILER_APPICON_NAME = AppIcon;
				CODE_SIGN_STYLE = Automatic;
				DEVELOPMENT_TEAM = 8WYZL9U7J3;
				INFOPLIST_FILE = "$(SRCROOT)/OrgApp_V2/AssetsGroup/Info.plist";
				LD_RUNPATH_SEARCH_PATHS = (
					"$(inherited)",
					"@executable_path/Frameworks",
				);
				PRODUCT_BUNDLE_IDENTIFIER = "jmb.OrgApp-V2";
				PRODUCT_NAME = "$(TARGET_NAME)";
				SWIFT_VERSION = 5.0;
				TARGETED_DEVICE_FAMILY = "1,2";
			};
			name = Debug;
		};
		2A385469244D886000F2CAEB /* Release */ = {
			isa = XCBuildConfiguration;
			baseConfigurationReference = DD6109777279EB210F06EEE5 /* Pods-OrgApp_V2.release.xcconfig */;
			buildSettings = {
				ASSETCATALOG_COMPILER_APPICON_NAME = AppIcon;
				CODE_SIGN_STYLE = Automatic;
				DEVELOPMENT_TEAM = 8WYZL9U7J3;
				INFOPLIST_FILE = "$(SRCROOT)/OrgApp_V2/AssetsGroup/Info.plist";
				LD_RUNPATH_SEARCH_PATHS = (
					"$(inherited)",
					"@executable_path/Frameworks",
				);
				PRODUCT_BUNDLE_IDENTIFIER = "jmb.OrgApp-V2";
				PRODUCT_NAME = "$(TARGET_NAME)";
				SWIFT_VERSION = 5.0;
				TARGETED_DEVICE_FAMILY = "1,2";
			};
			name = Release;
		};
/* End XCBuildConfiguration section */

/* Begin XCConfigurationList section */
		2A38544E244D885E00F2CAEB /* Build configuration list for PBXProject "OrgApp_V2" */ = {
			isa = XCConfigurationList;
			buildConfigurations = (
				2A385465244D886000F2CAEB /* Debug */,
				2A385466244D886000F2CAEB /* Release */,
			);
			defaultConfigurationIsVisible = 0;
			defaultConfigurationName = Release;
		};
		2A385467244D886000F2CAEB /* Build configuration list for PBXNativeTarget "OrgApp_V2" */ = {
			isa = XCConfigurationList;
			buildConfigurations = (
				2A385468244D886000F2CAEB /* Debug */,
				2A385469244D886000F2CAEB /* Release */,
			);
			defaultConfigurationIsVisible = 0;
			defaultConfigurationName = Release;
		};
/* End XCConfigurationList section */
	};
	rootObject = 2A38544B244D885E00F2CAEB /* Project object */;
}
